<?xml version="1.0" encoding="UTF-8" standalone="yes" ?>
<CodeBlocks_project_file>
	<FileVersion major="1" minor="6" />
	<Project>
		<Option title="Trabalho4" />
		<Option pch_mode="2" />
		<Option compiler="gcc" />
		<Build>
			<Target title="Debug">
				<Option output="bin/Debug/Trabalho4" prefix_auto="1" extension_auto="1" />
				<Option object_output="obj/Debug/" />
				<Option type="0" />
				<Option compiler="gcc" />
				<Compiler>
					<Add option="-g" />
					<Add option="-DALLEGRO_STATICLINK" />
					<Add directory="../../../../../../../allegro-5.0.10-mingw-4.7.0/include" />
				</Compiler>
				<Linker>
					<Add option="-static-libgcc" />
					<Add option="-static-libstdc++" />
					<Add library="lib/liballegro_physfs-5.0.10-static-mt.a" />
					<Add library="lib/liballegro_ttf-5.0.10-static-mt.a" />
					<Add library="lib/liballegro_primitives-5.0.10-static-mt.a" />
					<Add library="lib/liballegro_dialog-5.0.10-static-mt.a" />
					<Add library="lib/liballegro_memfile-5.0.10-static-mt.a" />
					<Add library="lib/liballegro_image-5.0.10-static-mt.a" />
					<Add library="lib/liballegro_font-5.0.10-static-mt.a" />
					<Add library="lib/liballegro_color-5.0.10-static-mt.a" />
					<Add library="lib/liballegro_acodec-5.0.10-static-mt.a" />
					<Add library="lib/liballegro_audio-5.0.10-static-mt.a" />
					<Add library="lib/liballegro-5.0.10-static-mt.a" />
					<Add library="lib/libdumb-0.9.3-static-mt.a" />
					<Add library="lib/libFLAC-1.2.1-static-mt.a" />
					<Add library="lib/libfreetype-2.4.8-static-mt.a" />
					<Add library="lib/libogg-1.2.1-static-mt.a" />
					<Add library="lib/libvorbisfile-1.3.2-static-mt.a" />
					<Add library="lib/libvorbis-1.3.2-static-mt.a" />
					<Add library="lib/libopenal-1.14-static-mt.a" />
					<Add library="lib/libzlib-1.2.5-static-mt.a" />
					<Add library="lib/liballegro_audio-5.0.10-md.a" />
					<Add library="lib/liballegro_audio-5.0.10-mt.a" />
					<Add library="lib/liballegro_audio-5.0.10-md-debug.a" />
					<Add library="lib/liballegro_audio-5.0.10-static-md.a" />
					<Add library="lib/liballegro_audio-5.0.10-static-mt.a" />
					<Add library="lib/liballegro_audio-5.0.10-static-md-debug.a" />
					<Add library="lib/liballegro_audio-5.0.10-static-mt-debug.a" />
					<Add library="lib/liballegro-5.0.10-monolith-md.a" />
					<Add library="lib/liballegro-5.0.10-monolith-md-debug.a" />
					<Add library="lib/liballegro-5.0.10-monolith-static-md.a" />
					<Add library="lib/liballegro-5.0.10-monolith-static-mt.a" />
					<Add library="lib/liballegro-5.0.10-monolith-static-md-debug.a" />
					<Add library="lib/liballegro-5.0.10-monolith-static-mt-debug.a" />
					<Add library="lib/liballegro_acodec-5.0.10-md.a" />
					<Add library="lib/liballegro_acodec-5.0.10-mt.a" />
					<Add library="lib/liballegro_acodec-5.0.10-md-debug.a" />
					<Add library="lib/liballegro_acodec-5.0.10-mt-debug.a" />
					<Add library="lib/liballegro_acodec-5.0.10-static-md.a" />
					<Add library="lib/liballegro_acodec-5.0.10-static-mt.a" />
					<Add library="lib/liballegro_acodec-5.0.10-static-md-debug.a" />
					<Add library="lib/liballegro_acodec-5.0.10-static-mt-debug.a" />
					<Add library="lib/libFLAC-1.2.1-static-md.a" />
					<Add library="lib/libFLAC-1.2.1-static-mt.a" />
					<Add library="lib/libFLAC-1.2.1-static-md-debug.a" />
					<Add library="lib/libFLAC-1.2.1-static-mt-debug.a" />
					<Add library="../../../../../../../MinGW/lib/libgdiplus.a" />
					<Add library="../../../../../../../MinGW/lib/libuuid.a" />
					<Add library="../../../../../../../MinGW/lib/libkernel32.a" />
					<Add library="../../../../../../../MinGW/lib/libwinmm.a" />
					<Add library="../../../../../../../MinGW/lib/libpsapi.a" />
					<Add library="../../../../../../../MinGW/lib/libopengl32.a" />
					<Add library="../../../../../../../MinGW/lib/libglu32.a" />
					<Add library="../../../../../../../MinGW/lib/libuser32.a" />
					<Add library="../../../../../../../MinGW/lib/libcomdlg32.a" />
					<Add library="../../../../../../../MinGW/lib/libgdi32.a" />
					<Add library="../../../../../../../MinGW/lib/libshell32.a" />
					<Add library="../../../../../../../MinGW/lib/libole32.a" />
					<Add library="../../../../../../../MinGW/lib/libadvapi32.a" />
					<Add library="../../../../../../../MinGW/lib/libws2_32.a" />
					<Add library="../../../../../../../MinGW/lib/libshlwapi.a" />
				</Linker>
			</Target>
			<Target title="Release">
				<Option output="bin/Release/Trabalho4" prefix_auto="1" extension_auto="1" />
				<Option object_output="obj/Release/" />
				<Option type="1" />
				<Option compiler="gcc" />
				<Compiler>
					<Add option="-O2" />
				</Compiler>
				<Linker>
					<Add option="-s" />
				</Linker>
			</Target>
		</Build>
		<Compiler>
			<Add option="-Wall" />
		</Compiler>
		<Unit filename="Teste.cpp" />
		<Unit filename="pacman.cpp" />
		<Extensions>
			<code_completion />
			<envvars />
			<debugger />
		</Extensions>
	</Project>
</CodeBlocks_project_file>
